PODS:
  - LumenMeshSDK (22.09.0)
  - LumenOrchestratorSDK (22.09.0)

DEPENDENCIES:
  - LumenMeshSDK (= 22.09.0)
  - LumenOrchestratorSDK (= 22.09.0)

SPEC REPOS:
  trunk:
    - LumenMeshSDK
    - LumenOrchestratorSDK

SPEC CHECKSUMS:
  LumenMeshSDK: 1db60098510a1b2387ce6ea541205b3dd96eea1a
  LumenOrchestratorSDK: 735bc203c27d3e7bf8a671fcd181b85d6576a931

PODFILE CHECKSUM: 0bcd4cedb98092b7978055134f9bfd052e5bf7d3

COCOAPODS: 1.11.3
