PODS:
  - LumenMeshSDK (23.1.0)
  - LumenOrchestratorSDK (23.1.0)

DEPENDENCIES:
  - LumenMeshSDK (= 23.1.0)
  - LumenOrchestratorSDK (= 23.1.0)

SPEC REPOS:
  trunk:
    - LumenMeshSDK
    - LumenOrchestratorSDK

SPEC CHECKSUMS:
  LumenMeshSDK: 26516fb143d18236f0cd9e1f6aa56a3f6e45127d
  LumenOrchestratorSDK: 57397327d7f71987353aec31ca5782028097b593

PODFILE CHECKSUM: 87d548993fcf6a2b3e6c616970575ea2336f22f5

COCOAPODS: 1.11.3
