PODS:
  - LumenMeshSDK (23.3.0)
  - LumenOrchestratorSDK (23.3.0)

DEPENDENCIES:
  - LumenMeshSDK (= 23.3.0)
  - LumenOrchestratorSDK (= 23.3.0)

SPEC REPOS:
  trunk:
    - LumenMeshSDK
    - LumenOrchestratorSDK

SPEC CHECKSUMS:
  LumenMeshSDK: beeb1ad6e52875e36232faf9faf3715d4fedbee3
  LumenOrchestratorSDK: 0b67bc60098e4ef637f1affd8a2e9a41e7db3e03

PODFILE CHECKSUM: 87d548993fcf6a2b3e6c616970575ea2336f22f5

COCOAPODS: 1.11.3
